// !$*UTF8*$!
{
	archiveVersion = 1;
	classes = {
	};
	objectVersion = 56;
	objects = {

/* Begin PBXBuildFile section */
		3104BF922D2FB5C3001C2C31 /* AppDelegate.swift in Sources */ = {isa = PBXBuildFile; fileRef = 3104BF912D2FB5C3001C2C31 /* AppDelegate.swift */; };
		3104BF942D2FB5C3001C2C31 /* SceneDelegate.swift in Sources */ = {isa = PBXBuildFile; fileRef = 3104BF932D2FB5C3001C2C31 /* SceneDelegate.swift */; };
		3104BF962D2FB5C3001C2C31 /* MainTabBarViewController.swift in Sources */ = {isa = PBXBuildFile; fileRef = 3104BF952D2FB5C3001C2C31 /* MainTabBarViewController.swift */; };
		3104BF9B2D2FB5C6001C2C31 /* Assets.xcassets in Resources */ = {isa = PBXBuildFile; fileRef = 3104BF9A2D2FB5C6001C2C31 /* Assets.xcassets */; };
		3104BF9E2D2FB5C6001C2C31 /* LaunchScreen.storyboard in Resources */ = {isa = PBXBuildFile; fileRef = 3104BF9C2D2FB5C6001C2C31 /* LaunchScreen.storyboard */; };
		3104BFA72D2FB96B001C2C31 /* HomeViewController.swift in Sources */ = {isa = PBXBuildFile; fileRef = 3104BFA62D2FB96B001C2C31 /* HomeViewController.swift */; };
		3104BFA92D2FB9BD001C2C31 /* UpcomingViewController.swift in Sources */ = {isa = PBXBuildFile; fileRef = 3104BFA82D2FB9BD001C2C31 /* UpcomingViewController.swift */; };
		3104BFAB2D2FBA33001C2C31 /* SearchViewController.swift in Sources */ = {isa = PBXBuildFile; fileRef = 3104BFAA2D2FBA33001C2C31 /* SearchViewController.swift */; };
		3104BFAD2D2FBA53001C2C31 /* DownloadsViewController.swift in Sources */ = {isa = PBXBuildFile; fileRef = 3104BFAC2D2FBA52001C2C31 /* DownloadsViewController.swift */; };
		3104BFB42D2FDF23001C2C31 /* CollectionViewTableViewCell.swift in Sources */ = {isa = PBXBuildFile; fileRef = 3104BFB32D2FDF23001C2C31 /* CollectionViewTableViewCell.swift */; };
		3104BFB62D300B68001C2C31 /* HeroHeaderUIView.swift in Sources */ = {isa = PBXBuildFile; fileRef = 3104BFB52D300B68001C2C31 /* HeroHeaderUIView.swift */; };
		3104BFB82D30568E001C2C31 /* APICaller.swift in Sources */ = {isa = PBXBuildFile; fileRef = 3104BFB72D30568E001C2C31 /* APICaller.swift */; };
		3104BFBA2D305E26001C2C31 /* Title.swift in Sources */ = {isa = PBXBuildFile; fileRef = 3104BFB92D305E26001C2C31 /* Title.swift */; };
		3104BFBC2D306663001C2C31 /* Extensions.swift in Sources */ = {isa = PBXBuildFile; fileRef = 3104BFBB2D306663001C2C31 /* Extensions.swift */; };
		3104BFC02D3079E0001C2C31 /* TitleCollectionViewCell.swift in Sources */ = {isa = PBXBuildFile; fileRef = 3104BFBF2D3079E0001C2C31 /* TitleCollectionViewCell.swift */; };
		3104BFC32D307C33001C2C31 /* SDWebImage in Frameworks */ = {isa = PBXBuildFile; productRef = 3104BFC22D307C33001C2C31 /* SDWebImage */; };
		3104BFC52D307C33001C2C31 /* SDWebImageMapKit in Frameworks */ = {isa = PBXBuildFile; productRef = 3104BFC42D307C33001C2C31 /* SDWebImageMapKit */; };
/* End PBXBuildFile section */

/* Begin PBXFileReference section */
		3104BF8E2D2FB5C3001C2C31 /* NetflixClone.app */ = {isa = PBXFileReference; explicitFileType = wrapper.application; includeInIndex = 0; path = NetflixClone.app; sourceTree = BUILT_PRODUCTS_DIR; };
		3104BF912D2FB5C3001C2C31 /* AppDelegate.swift */ = {isa = PBXFileReference; lastKnownFileType = sourcecode.swift; path = AppDelegate.swift; sourceTree = "<group>"; };
		3104BF932D2FB5C3001C2C31 /* SceneDelegate.swift */ = {isa = PBXFileReference; lastKnownFileType = sourcecode.swift; path = SceneDelegate.swift; sourceTree = "<group>"; };
		3104BF952D2FB5C3001C2C31 /* MainTabBarViewController.swift */ = {isa = PBXFileReference; lastKnownFileType = sourcecode.swift; path = MainTabBarViewController.swift; sourceTree = "<group>"; };
		3104BF9A2D2FB5C6001C2C31 /* Assets.xcassets */ = {isa = PBXFileReference; lastKnownFileType = folder.assetcatalog; path = Assets.xcassets; sourceTree = "<group>"; };
		3104BF9D2D2FB5C6001C2C31 /* Base */ = {isa = PBXFileReference; lastKnownFileType = file.storyboard; name = Base; path = Base.lproj/LaunchScreen.storyboard; sourceTree = "<group>"; };
		3104BF9F2D2FB5C6001C2C31 /* Info.plist */ = {isa = PBXFileReference; lastKnownFileType = text.plist.xml; path = Info.plist; sourceTree = "<group>"; };
		3104BFA62D2FB96B001C2C31 /* HomeViewController.swift */ = {isa = PBXFileReference; lastKnownFileType = sourcecode.swift; path = HomeViewController.swift; sourceTree = "<group>"; };
		3104BFA82D2FB9BD001C2C31 /* UpcomingViewController.swift */ = {isa = PBXFileReference; lastKnownFileType = sourcecode.swift; path = UpcomingViewController.swift; sourceTree = "<group>"; };
		3104BFAA2D2FBA33001C2C31 /* SearchViewController.swift */ = {isa = PBXFileReference; lastKnownFileType = sourcecode.swift; path = SearchViewController.swift; sourceTree = "<group>"; };
		3104BFAC2D2FBA52001C2C31 /* DownloadsViewController.swift */ = {isa = PBXFileReference; lastKnownFileType = sourcecode.swift; path = DownloadsViewController.swift; sourceTree = "<group>"; };
		3104BFB32D2FDF23001C2C31 /* CollectionViewTableViewCell.swift */ = {isa = PBXFileReference; lastKnownFileType = sourcecode.swift; path = CollectionViewTableViewCell.swift; sourceTree = "<group>"; };
		3104BFB52D300B68001C2C31 /* HeroHeaderUIView.swift */ = {isa = PBXFileReference; lastKnownFileType = sourcecode.swift; path = HeroHeaderUIView.swift; sourceTree = "<group>"; };
		3104BFB72D30568E001C2C31 /* APICaller.swift */ = {isa = PBXFileReference; lastKnownFileType = sourcecode.swift; path = APICaller.swift; sourceTree = "<group>"; };
		3104BFB92D305E26001C2C31 /* Title.swift */ = {isa = PBXFileReference; lastKnownFileType = sourcecode.swift; path = Title.swift; sourceTree = "<group>"; };
		3104BFBB2D306663001C2C31 /* Extensions.swift */ = {isa = PBXFileReference; lastKnownFileType = sourcecode.swift; path = Extensions.swift; sourceTree = "<group>"; };
		3104BFBF2D3079E0001C2C31 /* TitleCollectionViewCell.swift */ = {isa = PBXFileReference; lastKnownFileType = sourcecode.swift; path = TitleCollectionViewCell.swift; sourceTree = "<group>"; };
/* End PBXFileReference section */

/* Begin PBXFrameworksBuildPhase section */
		3104BF8B2D2FB5C3001C2C31 /* Frameworks */ = {
			isa = PBXFrameworksBuildPhase;
			buildActionMask = 2147483647;
			files = (
				3104BFC52D307C33001C2C31 /* SDWebImageMapKit in Frameworks */,
				3104BFC32D307C33001C2C31 /* SDWebImage in Frameworks */,
			);
			runOnlyForDeploymentPostprocessing = 0;
		};
/* End PBXFrameworksBuildPhase section */

/* Begin PBXGroup section */
		3104BF852D2FB5C3001C2C31 = {
			isa = PBXGroup;
			children = (
				3104BF902D2FB5C3001C2C31 /* NetflixClone */,
				3104BF8F2D2FB5C3001C2C31 /* Products */,
			);
			sourceTree = "<group>";
		};
		3104BF8F2D2FB5C3001C2C31 /* Products */ = {
			isa = PBXGroup;
			children = (
				3104BF8E2D2FB5C3001C2C31 /* NetflixClone.app */,
			);
			name = Products;
			sourceTree = "<group>";
		};
		3104BF902D2FB5C3001C2C31 /* NetflixClone */ = {
			isa = PBXGroup;
			children = (
				3104BFB22D2FDDED001C2C31 /* Managers */,
				3104BFB12D2FDDD6001C2C31 /* Resources */,
				3104BFB02D2FDDCC001C2C31 /* Models */,
				3104BFAF2D2FDDBE001C2C31 /* Views */,
				3104BFAE2D2FDDAD001C2C31 /* ViewModels */,
				3104BFA52D2FB94D001C2C31 /* Controllers */,
				3104BF912D2FB5C3001C2C31 /* AppDelegate.swift */,
				3104BF932D2FB5C3001C2C31 /* SceneDelegate.swift */,
				3104BF952D2FB5C3001C2C31 /* MainTabBarViewController.swift */,
				3104BF9A2D2FB5C6001C2C31 /* Assets.xcassets */,
				3104BF9C2D2FB5C6001C2C31 /* LaunchScreen.storyboard */,
				3104BF9F2D2FB5C6001C2C31 /* Info.plist */,
			);
			path = NetflixClone;
			sourceTree = "<group>";
		};
		3104BFA52D2FB94D001C2C31 /* Controllers */ = {
			isa = PBXGroup;
			children = (
				3104BFA62D2FB96B001C2C31 /* HomeViewController.swift */,
				3104BFA82D2FB9BD001C2C31 /* UpcomingViewController.swift */,
				3104BFAA2D2FBA33001C2C31 /* SearchViewController.swift */,
				3104BFAC2D2FBA52001C2C31 /* DownloadsViewController.swift */,
			);
			path = Controllers;
			sourceTree = "<group>";
		};
		3104BFAE2D2FDDAD001C2C31 /* ViewModels */ = {
			isa = PBXGroup;
			children = (
			);
			path = ViewModels;
			sourceTree = "<group>";
		};
		3104BFAF2D2FDDBE001C2C31 /* Views */ = {
			isa = PBXGroup;
			children = (
				3104BFB32D2FDF23001C2C31 /* CollectionViewTableViewCell.swift */,
				3104BFB52D300B68001C2C31 /* HeroHeaderUIView.swift */,
				3104BFBF2D3079E0001C2C31 /* TitleCollectionViewCell.swift */,
			);
			path = Views;
			sourceTree = "<group>";
		};
		3104BFB02D2FDDCC001C2C31 /* Models */ = {
			isa = PBXGroup;
			children = (
				3104BFB92D305E26001C2C31 /* Title.swift */,
			);
			path = Models;
			sourceTree = "<group>";
		};
		3104BFB12D2FDDD6001C2C31 /* Resources */ = {
			isa = PBXGroup;
			children = (
				3104BFBB2D306663001C2C31 /* Extensions.swift */,
			);
			path = Resources;
			sourceTree = "<group>";
		};
		3104BFB22D2FDDED001C2C31 /* Managers */ = {
			isa = PBXGroup;
			children = (
				3104BFB72D30568E001C2C31 /* APICaller.swift */,
			);
			path = Managers;
			sourceTree = "<group>";
		};
/* End PBXGroup section */

/* Begin PBXNativeTarget section */
		3104BF8D2D2FB5C3001C2C31 /* NetflixClone */ = {
			isa = PBXNativeTarget;
			buildConfigurationList = 3104BFA22D2FB5C6001C2C31 /* Build configuration list for PBXNativeTarget "NetflixClone" */;
			buildPhases = (
				3104BF8A2D2FB5C3001C2C31 /* Sources */,
				3104BF8B2D2FB5C3001C2C31 /* Frameworks */,
				3104BF8C2D2FB5C3001C2C31 /* Resources */,
			);
			buildRules = (
			);
			dependencies = (
			);
			name = NetflixClone;
			packageProductDependencies = (
				3104BFC22D307C33001C2C31 /* SDWebImage */,
				3104BFC42D307C33001C2C31 /* SDWebImageMapKit */,
			);
			productName = NetflixClone;
			productReference = 3104BF8E2D2FB5C3001C2C31 /* NetflixClone.app */;
			productType = "com.apple.product-type.application";
		};
/* End PBXNativeTarget section */

/* Begin PBXProject section */
		3104BF862D2FB5C3001C2C31 /* Project object */ = {
			isa = PBXProject;
			attributes = {
				BuildIndependentTargetsInParallel = 1;
				LastSwiftUpdateCheck = 1520;
				LastUpgradeCheck = 1520;
				TargetAttributes = {
					3104BF8D2D2FB5C3001C2C31 = {
						CreatedOnToolsVersion = 15.2;
					};
				};
			};
			buildConfigurationList = 3104BF892D2FB5C3001C2C31 /* Build configuration list for PBXProject "NetflixClone" */;
			compatibilityVersion = "Xcode 14.0";
			developmentRegion = en;
			hasScannedForEncodings = 0;
			knownRegions = (
				en,
				Base,
			);
			mainGroup = 3104BF852D2FB5C3001C2C31;
			packageReferences = (
				3104BFC12D307C33001C2C31 /* XCRemoteSwiftPackageReference "SDWebImage" */,
			);
			productRefGroup = 3104BF8F2D2FB5C3001C2C31 /* Products */;
			projectDirPath = "";
			projectRoot = "";
			targets = (
				3104BF8D2D2FB5C3001C2C31 /* NetflixClone */,
			);
		};
/* End PBXProject section */

/* Begin PBXResourcesBuildPhase section */
		3104BF8C2D2FB5C3001C2C31 /* Resources */ = {
			isa = PBXResourcesBuildPhase;
			buildActionMask = 2147483647;
			files = (
				3104BF9E2D2FB5C6001C2C31 /* LaunchScreen.storyboard in Resources */,
				3104BF9B2D2FB5C6001C2C31 /* Assets.xcassets in Resources */,
			);
			runOnlyForDeploymentPostprocessing = 0;
		};
/* End PBXResourcesBuildPhase section */

/* Begin PBXSourcesBuildPhase section */
		3104BF8A2D2FB5C3001C2C31 /* Sources */ = {
			isa = PBXSourcesBuildPhase;
			buildActionMask = 2147483647;
			files = (
				3104BFAB2D2FBA33001C2C31 /* SearchViewController.swift in Sources */,
				3104BFC02D3079E0001C2C31 /* TitleCollectionViewCell.swift in Sources */,
				3104BF962D2FB5C3001C2C31 /* MainTabBarViewController.swift in Sources */,
				3104BFB42D2FDF23001C2C31 /* CollectionViewTableViewCell.swift in Sources */,
				3104BFB82D30568E001C2C31 /* APICaller.swift in Sources */,
				3104BFB62D300B68001C2C31 /* HeroHeaderUIView.swift in Sources */,
				3104BFAD2D2FBA53001C2C31 /* DownloadsViewController.swift in Sources */,
				3104BF922D2FB5C3001C2C31 /* AppDelegate.swift in Sources */,
				3104BFBC2D306663001C2C31 /* Extensions.swift in Sources */,
				3104BF942D2FB5C3001C2C31 /* SceneDelegate.swift in Sources */,
				3104BFA92D2FB9BD001C2C31 /* UpcomingViewController.swift in Sources */,
				3104BFBA2D305E26001C2C31 /* Title.swift in Sources */,
				3104BFA72D2FB96B001C2C31 /* HomeViewController.swift in Sources */,
			);
			runOnlyForDeploymentPostprocessing = 0;
		};
/* End PBXSourcesBuildPhase section */

/* Begin PBXVariantGroup section */
		3104BF9C2D2FB5C6001C2C31 /* LaunchScreen.storyboard */ = {
			isa = PBXVariantGroup;
			children = (
				3104BF9D2D2FB5C6001C2C31 /* Base */,
			);
			name = LaunchScreen.storyboard;
			sourceTree = "<group>";
		};
/* End PBXVariantGroup section */

/* Begin XCBuildConfiguration section */
		3104BFA02D2FB5C6001C2C31 /* Debug */ = {
			isa = XCBuildConfiguration;
			buildSettings = {
				ALWAYS_SEARCH_USER_PATHS = NO;
				ASSETCATALOG_COMPILER_GENERATE_SWIFT_ASSET_SYMBOL_EXTENSIONS = YES;
				CLANG_ANALYZER_NONNULL = YES;
				CLANG_ANALYZER_NUMBER_OBJECT_CONVERSION = YES_AGGRESSIVE;
				CLANG_CXX_LANGUAGE_STANDARD = "gnu++20";
				CLANG_ENABLE_MODULES = YES;
				CLANG_ENABLE_OBJC_ARC = YES;
				CLANG_ENABLE_OBJC_WEAK = YES;
				CLANG_WARN_BLOCK_CAPTURE_AUTORELEASING = YES;
				CLANG_WARN_BOOL_CONVERSION = YES;
				CLANG_WARN_COMMA = YES;
				CLANG_WARN_CONSTANT_CONVERSION = YES;
				CLANG_WARN_DEPRECATED_OBJC_IMPLEMENTATIONS = YES;
				CLANG_WARN_DIRECT_OBJC_ISA_USAGE = YES_ERROR;
				CLANG_WARN_DOCUMENTATION_COMMENTS = YES;
				CLANG_WARN_EMPTY_BODY = YES;
				CLANG_WARN_ENUM_CONVERSION = YES;
				CLANG_WARN_INFINITE_RECURSION = YES;
				CLANG_WARN_INT_CONVERSION = YES;
				CLANG_WARN_NON_LITERAL_NULL_CONVERSION = YES;
				CLANG_WARN_OBJC_IMPLICIT_RETAIN_SELF = YES;
				CLANG_WARN_OBJC_LITERAL_CONVERSION = YES;
				CLANG_WARN_OBJC_ROOT_CLASS = YES_ERROR;
				CLANG_WARN_QUOTED_INCLUDE_IN_FRAMEWORK_HEADER = YES;
				CLANG_WARN_RANGE_LOOP_ANALYSIS = YES;
				CLANG_WARN_STRICT_PROTOTYPES = YES;
				CLANG_WARN_SUSPICIOUS_MOVE = YES;
				CLANG_WARN_UNGUARDED_AVAILABILITY = YES_AGGRESSIVE;
				CLANG_WARN_UNREACHABLE_CODE = YES;
				CLANG_WARN__DUPLICATE_METHOD_MATCH = YES;
				COPY_PHASE_STRIP = NO;
				DEBUG_INFORMATION_FORMAT = dwarf;
				ENABLE_STRICT_OBJC_MSGSEND = YES;
				ENABLE_TESTABILITY = YES;
				ENABLE_USER_SCRIPT_SANDBOXING = YES;
				GCC_C_LANGUAGE_STANDARD = gnu17;
				GCC_DYNAMIC_NO_PIC = NO;
				GCC_NO_COMMON_BLOCKS = YES;
				GCC_OPTIMIZATION_LEVEL = 0;
				GCC_PREPROCESSOR_DEFINITIONS = (
					"DEBUG=1",
					"$(inherited)",
				);
				GCC_WARN_64_TO_32_BIT_CONVERSION = YES;
				GCC_WARN_ABOUT_RETURN_TYPE = YES_ERROR;
				GCC_WARN_UNDECLARED_SELECTOR = YES;
				GCC_WARN_UNINITIALIZED_AUTOS = YES_AGGRESSIVE;
				GCC_WARN_UNUSED_FUNCTION = YES;
				GCC_WARN_UNUSED_VARIABLE = YES;
				IPHONEOS_DEPLOYMENT_TARGET = 17.2;
				LOCALIZATION_PREFERS_STRING_CATALOGS = YES;
				MTL_ENABLE_DEBUG_INFO = INCLUDE_SOURCE;
				MTL_FAST_MATH = YES;
				ONLY_ACTIVE_ARCH = YES;
				SDKROOT = iphoneos;
				SWIFT_ACTIVE_COMPILATION_CONDITIONS = "DEBUG $(inherited)";
				SWIFT_OPTIMIZATION_LEVEL = "-Onone";
			};
			name = Debug;
		};
		3104BFA12D2FB5C6001C2C31 /* Release */ = {
			isa = XCBuildConfiguration;
			buildSettings = {
				ALWAYS_SEARCH_USER_PATHS = NO;
				ASSETCATALOG_COMPILER_GENERATE_SWIFT_ASSET_SYMBOL_EXTENSIONS = YES;
				CLANG_ANALYZER_NONNULL = YES;
				CLANG_ANALYZER_NUMBER_OBJECT_CONVERSION = YES_AGGRESSIVE;
				CLANG_CXX_LANGUAGE_STANDARD = "gnu++20";
				CLANG_ENABLE_MODULES = YES;
				CLANG_ENABLE_OBJC_ARC = YES;
				CLANG_ENABLE_OBJC_WEAK = YES;
				CLANG_WARN_BLOCK_CAPTURE_AUTORELEASING = YES;
				CLANG_WARN_BOOL_CONVERSION = YES;
				CLANG_WARN_COMMA = YES;
				CLANG_WARN_CONSTANT_CONVERSION = YES;
				CLANG_WARN_DEPRECATED_OBJC_IMPLEMENTATIONS = YES;
				CLANG_WARN_DIRECT_OBJC_ISA_USAGE = YES_ERROR;
				CLANG_WARN_DOCUMENTATION_COMMENTS = YES;
				CLANG_WARN_EMPTY_BODY = YES;
				CLANG_WARN_ENUM_CONVERSION = YES;
				CLANG_WARN_INFINITE_RECURSION = YES;
				CLANG_WARN_INT_CONVERSION = YES;
				CLANG_WARN_NON_LITERAL_NULL_CONVERSION = YES;
				CLANG_WARN_OBJC_IMPLICIT_RETAIN_SELF = YES;
				CLANG_WARN_OBJC_LITERAL_CONVERSION = YES;
				CLANG_WARN_OBJC_ROOT_CLASS = YES_ERROR;
				CLANG_WARN_QUOTED_INCLUDE_IN_FRAMEWORK_HEADER = YES;
				CLANG_WARN_RANGE_LOOP_ANALYSIS = YES;
				CLANG_WARN_STRICT_PROTOTYPES = YES;
				CLANG_WARN_SUSPICIOUS_MOVE = YES;
				CLANG_WARN_UNGUARDED_AVAILABILITY = YES_AGGRESSIVE;
				CLANG_WARN_UNREACHABLE_CODE = YES;
				CLANG_WARN__DUPLICATE_METHOD_MATCH = YES;
				COPY_PHASE_STRIP = NO;
				DEBUG_INFORMATION_FORMAT = "dwarf-with-dsym";
				ENABLE_NS_ASSERTIONS = NO;
				ENABLE_STRICT_OBJC_MSGSEND = YES;
				ENABLE_USER_SCRIPT_SANDBOXING = YES;
				GCC_C_LANGUAGE_STANDARD = gnu17;
				GCC_NO_COMMON_BLOCKS = YES;
				GCC_WARN_64_TO_32_BIT_CONVERSION = YES;
				GCC_WARN_ABOUT_RETURN_TYPE = YES_ERROR;
				GCC_WARN_UNDECLARED_SELECTOR = YES;
				GCC_WARN_UNINITIALIZED_AUTOS = YES_AGGRESSIVE;
				GCC_WARN_UNUSED_FUNCTION = YES;
				GCC_WARN_UNUSED_VARIABLE = YES;
				IPHONEOS_DEPLOYMENT_TARGET = 17.2;
				LOCALIZATION_PREFERS_STRING_CATALOGS = YES;
				MTL_ENABLE_DEBUG_INFO = NO;
				MTL_FAST_MATH = YES;
				SDKROOT = iphoneos;
				SWIFT_COMPILATION_MODE = wholemodule;
				VALIDATE_PRODUCT = YES;
			};
			name = Release;
		};
		3104BFA32D2FB5C6001C2C31 /* Debug */ = {
			isa = XCBuildConfiguration;
			buildSettings = {
				ASSETCATALOG_COMPILER_APPICON_NAME = AppIcon;
				ASSETCATALOG_COMPILER_GLOBAL_ACCENT_COLOR_NAME = AccentColor;
				CODE_SIGN_STYLE = Automatic;
				CURRENT_PROJECT_VERSION = 1;
				DEVELOPMENT_TEAM = 8V9RB8PY3U;
				GENERATE_INFOPLIST_FILE = YES;
				INFOPLIST_FILE = NetflixClone/Info.plist;
				INFOPLIST_KEY_UIApplicationSupportsIndirectInputEvents = YES;
				INFOPLIST_KEY_UILaunchStoryboardName = LaunchScreen;
				INFOPLIST_KEY_UISupportedInterfaceOrientations_iPad = "UIInterfaceOrientationPortrait UIInterfaceOrientationPortraitUpsideDown UIInterfaceOrientationLandscapeLeft UIInterfaceOrientationLandscapeRight";
				INFOPLIST_KEY_UISupportedInterfaceOrientations_iPhone = "UIInterfaceOrientationPortrait UIInterfaceOrientationLandscapeLeft UIInterfaceOrientationLandscapeRight";
				LD_RUNPATH_SEARCH_PATHS = (
					"$(inherited)",
					"@executable_path/Frameworks",
				);
				MARKETING_VERSION = 1.0;
				PRODUCT_BUNDLE_IDENTIFIER = com.zi.NetflixClone;
				PRODUCT_NAME = "$(TARGET_NAME)";
				SWIFT_EMIT_LOC_STRINGS = YES;
				SWIFT_VERSION = 5.0;
				TARGETED_DEVICE_FAMILY = "1,2";
			};
			name = Debug;
		};
		3104BFA42D2FB5C6001C2C31 /* Release */ = {
			isa = XCBuildConfiguration;
			buildSettings = {
				ASSETCATALOG_COMPILER_APPICON_NAME = AppIcon;
				ASSETCATALOG_COMPILER_GLOBAL_ACCENT_COLOR_NAME = AccentColor;
				CODE_SIGN_STYLE = Automatic;
				CURRENT_PROJECT_VERSION = 1;
				DEVELOPMENT_TEAM = 8V9RB8PY3U;
				GENERATE_INFOPLIST_FILE = YES;
				INFOPLIST_FILE = NetflixClone/Info.plist;
				INFOPLIST_KEY_UIApplicationSupportsIndirectInputEvents = YES;
				INFOPLIST_KEY_UILaunchStoryboardName = LaunchScreen;
				INFOPLIST_KEY_UISupportedInterfaceOrientations_iPad = "UIInterfaceOrientationPortrait UIInterfaceOrientationPortraitUpsideDown UIInterfaceOrientationLandscapeLeft UIInterfaceOrientationLandscapeRight";
				INFOPLIST_KEY_UISupportedInterfaceOrientations_iPhone = "UIInterfaceOrientationPortrait UIInterfaceOrientationLandscapeLeft UIInterfaceOrientationLandscapeRight";
				LD_RUNPATH_SEARCH_PATHS = (
					"$(inherited)",
					"@executable_path/Frameworks",
				);
				MARKETING_VERSION = 1.0;
				PRODUCT_BUNDLE_IDENTIFIER = com.zi.NetflixClone;
				PRODUCT_NAME = "$(TARGET_NAME)";
				SWIFT_EMIT_LOC_STRINGS = YES;
				SWIFT_VERSION = 5.0;
				TARGETED_DEVICE_FAMILY = "1,2";
			};
			name = Release;
		};
/* End XCBuildConfiguration section */

/* Begin XCConfigurationList section */
		3104BF892D2FB5C3001C2C31 /* Build configuration list for PBXProject "NetflixClone" */ = {
			isa = XCConfigurationList;
			buildConfigurations = (
				3104BFA02D2FB5C6001C2C31 /* Debug */,
				3104BFA12D2FB5C6001C2C31 /* Release */,
			);
			defaultConfigurationIsVisible = 0;
			defaultConfigurationName = Release;
		};
		3104BFA22D2FB5C6001C2C31 /* Build configuration list for PBXNativeTarget "NetflixClone" */ = {
			isa = XCConfigurationList;
			buildConfigurations = (
				3104BFA32D2FB5C6001C2C31 /* Debug */,
				3104BFA42D2FB5C6001C2C31 /* Release */,
			);
			defaultConfigurationIsVisible = 0;
			defaultConfigurationName = Release;
		};
/* End XCConfigurationList section */

/* Begin XCRemoteSwiftPackageReference section */
		3104BFC12D307C33001C2C31 /* XCRemoteSwiftPackageReference "SDWebImage" */ = {
			isa = XCRemoteSwiftPackageReference;
			repositoryURL = "https://github.com/SDWebImage/SDWebImage.git";
			requirement = {
				kind = upToNextMajorVersion;
				minimumVersion = 5.20.0;
			};
		};
/* End XCRemoteSwiftPackageReference section */

/* Begin XCSwiftPackageProductDependency section */
		3104BFC22D307C33001C2C31 /* SDWebImage */ = {
			isa = XCSwiftPackageProductDependency;
			package = 3104BFC12D307C33001C2C31 /* XCRemoteSwiftPackageReference "SDWebImage" */;
			productName = SDWebImage;
		};
		3104BFC42D307C33001C2C31 /* SDWebImageMapKit */ = {
			isa = XCSwiftPackageProductDependency;
			package = 3104BFC12D307C33001C2C31 /* XCRemoteSwiftPackageReference "SDWebImage" */;
			productName = SDWebImageMapKit;
		};
/* End XCSwiftPackageProductDependency section */
	};
	rootObject = 3104BF862D2FB5C3001C2C31 /* Project object */;
}
